
Microsoft Visual Studio Solution File, Format Version 12.00
# Visual Studio Version 16
VisualStudioVersion = 16.0.31424.327
MinimumVisualStudioVersion = 10.0.40219.1
Project("{FAE04EC0-301F-11D3-BF4B-00C04F79EFBC}") = "ConceitosCsharp", "ConceitosCsharp\ConceitosCsharp.csproj", "{C0E33E08-7088-45BA-8C8F-3475E68577BF}"
EndProject
Global
	GlobalSection(SolutionConfigurationPlatforms) = preSolution
		Debug|Any CPU = Debug|Any CPU
		Release|Any CPU = Release|Any CPU
	EndGlobalSection
	GlobalSection(ProjectConfigurationPlatforms) = postSolution
		{C0E33E08-7088-45BA-8C8F-3475E68577BF}.Debug|Any CPU.ActiveCfg = Debug|Any CPU
		{C0E33E08-7088-45BA-8C8F-3475E68577BF}.Debug|Any CPU.Build.0 = Debug|Any CPU
		{C0E33E08-7088-45BA-8C8F-3475E68577BF}.Release|Any CPU.ActiveCfg = Release|Any CPU
		{C0E33E08-7088-45BA-8C8F-3475E68577BF}.Release|Any CPU.Build.0 = Release|Any CPU
	EndGlobalSection
	GlobalSection(SolutionProperties) = preSolution
		HideSolutionNode = FALSE
	EndGlobalSection
	GlobalSection(ExtensibilityGlobals) = postSolution
		SolutionGuid = {F44AA4B5-3C6F-40F4-B8A1-81F18DCBD091}
	EndGlobalSection
EndGlobal
